
Microsoft Visual Studio Solution File, Format Version 12.00
# Visual Studio Version 17
VisualStudioVersion = 17.7.34018.315
MinimumVisualStudioVersion = 10.0.40219.1
Project("{2150E333-8FDC-42A3-9474-1A3956D46DE8}") = "src", "src", "{179285B4-AC6A-465C-9998-D56CC2704BF1}"
EndProject
Project("{9A19103F-16F7-4668-BE54-9A1E7A4F7556}") = "Domain", "Domain\Domain.csproj", "{60E174A4-8620-4EBD-AD69-6D344B415396}"
EndProject
Project("{9A19103F-16F7-4668-BE54-9A1E7A4F7556}") = "WebApi", "WebApi\WebApi.csproj", "{8B695C54-4158-4AD4-9049-D6444C64EF4E}"
EndProject
Project("{9A19103F-16F7-4668-BE54-9A1E7A4F7556}") = "Infrastructure", "Infrastructure\Infrastructure.csproj", "{E27D676F-5293-41BD-A2C5-5E4FB3DCD1B6}"
EndProject
Project("{9A19103F-16F7-4668-BE54-9A1E7A4F7556}") = "Repository", "Repository\Repository.csproj", "{2E88914C-5069-4F82-B95E-27273A8D0263}"
EndProject
Project("{9A19103F-16F7-4668-BE54-9A1E7A4F7556}") = "Base", "Base\Base.csproj", "{CF69750C-44D6-4B8F-9FB2-D2882FCBFB62}"
EndProject
Project("{9A19103F-16F7-4668-BE54-9A1E7A4F7556}") = "Service", "Service\Service.csproj", "{64C72FDF-FD6C-4296-B00F-2296BD8882A3}"
EndProject
Project("{9A19103F-16F7-4668-BE54-9A1E7A4F7556}") = "Query", "Query\Query.csproj", "{119FCFDC-CDA5-478F-A4E5-1B232F26442A}"
EndProject
Project("{9A19103F-16F7-4668-BE54-9A1E7A4F7556}") = "Application", "Application\Application.csproj", "{BD73F8B0-4996-4391-AEC3-C6476CA3A05E}"
EndProject
Project("{9A19103F-16F7-4668-BE54-9A1E7A4F7556}") = "Security", "Security\Security.csproj", "{72A56D90-554A-439B-BE35-DC110C16998A}"
EndProject
Global
	GlobalSection(SolutionConfigurationPlatforms) = preSolution
		Debug|Any CPU = Debug|Any CPU
		Release|Any CPU = Release|Any CPU
	EndGlobalSection
	GlobalSection(ProjectConfigurationPlatforms) = postSolution
		{60E174A4-8620-4EBD-AD69-6D344B415396}.Debug|Any CPU.ActiveCfg = Debug|Any CPU
		{60E174A4-8620-4EBD-AD69-6D344B415396}.Debug|Any CPU.Build.0 = Debug|Any CPU
		{60E174A4-8620-4EBD-AD69-6D344B415396}.Release|Any CPU.ActiveCfg = Release|Any CPU
		{60E174A4-8620-4EBD-AD69-6D344B415396}.Release|Any CPU.Build.0 = Release|Any CPU
		{8B695C54-4158-4AD4-9049-D6444C64EF4E}.Debug|Any CPU.ActiveCfg = Debug|Any CPU
		{8B695C54-4158-4AD4-9049-D6444C64EF4E}.Debug|Any CPU.Build.0 = Debug|Any CPU
		{8B695C54-4158-4AD4-9049-D6444C64EF4E}.Release|Any CPU.ActiveCfg = Release|Any CPU
		{8B695C54-4158-4AD4-9049-D6444C64EF4E}.Release|Any CPU.Build.0 = Release|Any CPU
		{E27D676F-5293-41BD-A2C5-5E4FB3DCD1B6}.Debug|Any CPU.ActiveCfg = Debug|Any CPU
		{E27D676F-5293-41BD-A2C5-5E4FB3DCD1B6}.Debug|Any CPU.Build.0 = Debug|Any CPU
		{E27D676F-5293-41BD-A2C5-5E4FB3DCD1B6}.Release|Any CPU.ActiveCfg = Release|Any CPU
		{E27D676F-5293-41BD-A2C5-5E4FB3DCD1B6}.Release|Any CPU.Build.0 = Release|Any CPU
		{2E88914C-5069-4F82-B95E-27273A8D0263}.Debug|Any CPU.ActiveCfg = Debug|Any CPU
		{2E88914C-5069-4F82-B95E-27273A8D0263}.Debug|Any CPU.Build.0 = Debug|Any CPU
		{2E88914C-5069-4F82-B95E-27273A8D0263}.Release|Any CPU.ActiveCfg = Release|Any CPU
		{2E88914C-5069-4F82-B95E-27273A8D0263}.Release|Any CPU.Build.0 = Release|Any CPU
		{CF69750C-44D6-4B8F-9FB2-D2882FCBFB62}.Debug|Any CPU.ActiveCfg = Debug|Any CPU
		{CF69750C-44D6-4B8F-9FB2-D2882FCBFB62}.Debug|Any CPU.Build.0 = Debug|Any CPU
		{CF69750C-44D6-4B8F-9FB2-D2882FCBFB62}.Release|Any CPU.ActiveCfg = Release|Any CPU
		{CF69750C-44D6-4B8F-9FB2-D2882FCBFB62}.Release|Any CPU.Build.0 = Release|Any CPU
		{64C72FDF-FD6C-4296-B00F-2296BD8882A3}.Debug|Any CPU.ActiveCfg = Debug|Any CPU
		{64C72FDF-FD6C-4296-B00F-2296BD8882A3}.Debug|Any CPU.Build.0 = Debug|Any CPU
		{64C72FDF-FD6C-4296-B00F-2296BD8882A3}.Release|Any CPU.ActiveCfg = Release|Any CPU
		{64C72FDF-FD6C-4296-B00F-2296BD8882A3}.Release|Any CPU.Build.0 = Release|Any CPU
		{119FCFDC-CDA5-478F-A4E5-1B232F26442A}.Debug|Any CPU.ActiveCfg = Debug|Any CPU
		{119FCFDC-CDA5-478F-A4E5-1B232F26442A}.Debug|Any CPU.Build.0 = Debug|Any CPU
		{119FCFDC-CDA5-478F-A4E5-1B232F26442A}.Release|Any CPU.ActiveCfg = Release|Any CPU
		{119FCFDC-CDA5-478F-A4E5-1B232F26442A}.Release|Any CPU.Build.0 = Release|Any CPU
		{BD73F8B0-4996-4391-AEC3-C6476CA3A05E}.Debug|Any CPU.ActiveCfg = Debug|Any CPU
		{BD73F8B0-4996-4391-AEC3-C6476CA3A05E}.Debug|Any CPU.Build.0 = Debug|Any CPU
		{BD73F8B0-4996-4391-AEC3-C6476CA3A05E}.Release|Any CPU.ActiveCfg = Release|Any CPU
		{BD73F8B0-4996-4391-AEC3-C6476CA3A05E}.Release|Any CPU.Build.0 = Release|Any CPU
		{72A56D90-554A-439B-BE35-DC110C16998A}.Debug|Any CPU.ActiveCfg = Debug|Any CPU
		{72A56D90-554A-439B-BE35-DC110C16998A}.Debug|Any CPU.Build.0 = Debug|Any CPU
		{72A56D90-554A-439B-BE35-DC110C16998A}.Release|Any CPU.ActiveCfg = Release|Any CPU
		{72A56D90-554A-439B-BE35-DC110C16998A}.Release|Any CPU.Build.0 = Release|Any CPU
	EndGlobalSection
	GlobalSection(SolutionProperties) = preSolution
		HideSolutionNode = FALSE
	EndGlobalSection
	GlobalSection(NestedProjects) = preSolution
		{60E174A4-8620-4EBD-AD69-6D344B415396} = {179285B4-AC6A-465C-9998-D56CC2704BF1}
		{8B695C54-4158-4AD4-9049-D6444C64EF4E} = {179285B4-AC6A-465C-9998-D56CC2704BF1}
		{E27D676F-5293-41BD-A2C5-5E4FB3DCD1B6} = {179285B4-AC6A-465C-9998-D56CC2704BF1}
		{2E88914C-5069-4F82-B95E-27273A8D0263} = {179285B4-AC6A-465C-9998-D56CC2704BF1}
		{CF69750C-44D6-4B8F-9FB2-D2882FCBFB62} = {179285B4-AC6A-465C-9998-D56CC2704BF1}
		{64C72FDF-FD6C-4296-B00F-2296BD8882A3} = {179285B4-AC6A-465C-9998-D56CC2704BF1}
		{119FCFDC-CDA5-478F-A4E5-1B232F26442A} = {179285B4-AC6A-465C-9998-D56CC2704BF1}
		{BD73F8B0-4996-4391-AEC3-C6476CA3A05E} = {179285B4-AC6A-465C-9998-D56CC2704BF1}
		{72A56D90-554A-439B-BE35-DC110C16998A} = {179285B4-AC6A-465C-9998-D56CC2704BF1}
	EndGlobalSection
	GlobalSection(ExtensibilityGlobals) = postSolution
		SolutionGuid = {51AD3812-80DC-41D4-BA90-0BAB7FD9D2D2}
	EndGlobalSection
EndGlobal
